Microsoft Visual Studio Solution File, Format Version 12.00
# Visual Studio Version 17
VisualStudioVersion = 17.3.32922.545
MinimumVisualStudioVersion = 10.0.40219.1
Project("{9A19103F-16F7-4668-BE54-9A1E7A4F7556}") = "netlogic_training", "netlogic_training.csproj", "{D5F02379-090D-3B76-B131-B911531D2DD0}"
EndProject
Global
	GlobalSection(SolutionConfigurationPlatforms) = preSolution
		Debug|Any CPU = Debug|Any CPU
		Release|Any CPU = Release|Any CPU
	EndGlobalSection
	GlobalSection(ProjectConfigurationPlatforms) = postSolution
		{D5F02379-090D-3B76-B131-B911531D2DD0}.Debug|Any CPU.ActiveCfg = Debug|Any CPU
		{D5F02379-090D-3B76-B131-B911531D2DD0}.Debug|Any CPU.Build.0 = Debug|Any CPU
		{D5F02379-090D-3B76-B131-B911531D2DD0}.Release|Any CPU.ActiveCfg = Release|Any CPU
		{D5F02379-090D-3B76-B131-B911531D2DD0}.Release|Any CPU.Build.0 = Release|Any CPU
	EndGlobalSection
	GlobalSection(SolutionProperties) = preSolution
		HideSolutionNode = FALSE
	EndGlobalSection
	GlobalSection(ExtensibilityGlobals) = postSolution
		SolutionGuid = {BE1669F7-FF7B-4CBC-A3D0-05BD7A6A4360}
	EndGlobalSection
EndGlobal
